
Microsoft Visual Studio Solution File, Format Version 12.00
# Visual Studio Version 16
VisualStudioVersion = 16.0.31005.135
MinimumVisualStudioVersion = 10.0.40219.1
Project("{FAE04EC0-301F-11D3-BF4B-00C04F79EFBC}") = "TRMDataManager", "TRMDataManager\TRMDataManager.csproj", "{456465A1-ED96-4A9F-A99E-7FBC4FC921B1}"
EndProject
Global
	GlobalSection(SolutionConfigurationPlatforms) = preSolution
		Debug|Any CPU = Debug|Any CPU
		Release|Any CPU = Release|Any CPU
	EndGlobalSection
	GlobalSection(ProjectConfigurationPlatforms) = postSolution
		{456465A1-ED96-4A9F-A99E-7FBC4FC921B1}.Debug|Any CPU.ActiveCfg = Debug|Any CPU
		{456465A1-ED96-4A9F-A99E-7FBC4FC921B1}.Debug|Any CPU.Build.0 = Debug|Any CPU
		{456465A1-ED96-4A9F-A99E-7FBC4FC921B1}.Release|Any CPU.ActiveCfg = Release|Any CPU
		{456465A1-ED96-4A9F-A99E-7FBC4FC921B1}.Release|Any CPU.Build.0 = Release|Any CPU
	EndGlobalSection
	GlobalSection(SolutionProperties) = preSolution
		HideSolutionNode = FALSE
	EndGlobalSection
	GlobalSection(ExtensibilityGlobals) = postSolution
		SolutionGuid = {1A2B2FD1-D73B-4DE4-9EB7-37B1CCC5671C}
	EndGlobalSection
EndGlobal
