
Microsoft Visual Studio Solution File, Format Version 12.00
# Visual Studio Version 16
VisualStudioVersion = 16.0.31005.135
MinimumVisualStudioVersion = 10.0.40219.1
Project("{FAE04EC0-301F-11D3-BF4B-00C04F79EFBC}") = "TRMDataManager", "TRMDataManager\TRMDataManager.csproj", "{456465A1-ED96-4A9F-A99E-7FBC4FC921B1}"
EndProject
Project("{00D1A9C2-B5F0-4AF3-8072-F6C62B433612}") = "TRMData", "TRMData\TRMData.sqlproj", "{9DA61E2F-AC86-43DC-B979-B004F2349C92}"
EndProject
Project("{FAE04EC0-301F-11D3-BF4B-00C04F79EFBC}") = "TRMDesktopUI", "TRMDesktopUI\TRMDesktopUI.csproj", "{94477A91-C9BA-4B28-AFA4-D1A1EAA4F55C}"
EndProject
Project("{FAE04EC0-301F-11D3-BF4B-00C04F79EFBC}") = "TRMDataManager.Library", "TRMDataManager.Library\TRMDataManager.Library.csproj", "{434EDFAA-213D-42F9-A677-BD2C9DAEB6A7}"
EndProject
Project("{FAE04EC0-301F-11D3-BF4B-00C04F79EFBC}") = "TRMDesktopUI.Library", "TRMDesktopUI.Library\TRMDesktopUI.Library.csproj", "{B25CBFFA-8E40-4D80-BFFC-6146ED3480C4}"
EndProject
Global
	GlobalSection(SolutionConfigurationPlatforms) = preSolution
		Debug|Any CPU = Debug|Any CPU
		Release|Any CPU = Release|Any CPU
	EndGlobalSection
	GlobalSection(ProjectConfigurationPlatforms) = postSolution
		{456465A1-ED96-4A9F-A99E-7FBC4FC921B1}.Debug|Any CPU.ActiveCfg = Debug|Any CPU
		{456465A1-ED96-4A9F-A99E-7FBC4FC921B1}.Debug|Any CPU.Build.0 = Debug|Any CPU
		{456465A1-ED96-4A9F-A99E-7FBC4FC921B1}.Release|Any CPU.ActiveCfg = Release|Any CPU
		{456465A1-ED96-4A9F-A99E-7FBC4FC921B1}.Release|Any CPU.Build.0 = Release|Any CPU
		{9DA61E2F-AC86-43DC-B979-B004F2349C92}.Debug|Any CPU.ActiveCfg = Debug|Any CPU
		{9DA61E2F-AC86-43DC-B979-B004F2349C92}.Debug|Any CPU.Build.0 = Debug|Any CPU
		{9DA61E2F-AC86-43DC-B979-B004F2349C92}.Debug|Any CPU.Deploy.0 = Debug|Any CPU
		{9DA61E2F-AC86-43DC-B979-B004F2349C92}.Release|Any CPU.ActiveCfg = Release|Any CPU
		{9DA61E2F-AC86-43DC-B979-B004F2349C92}.Release|Any CPU.Build.0 = Release|Any CPU
		{9DA61E2F-AC86-43DC-B979-B004F2349C92}.Release|Any CPU.Deploy.0 = Release|Any CPU
		{94477A91-C9BA-4B28-AFA4-D1A1EAA4F55C}.Debug|Any CPU.ActiveCfg = Debug|Any CPU
		{94477A91-C9BA-4B28-AFA4-D1A1EAA4F55C}.Debug|Any CPU.Build.0 = Debug|Any CPU
		{94477A91-C9BA-4B28-AFA4-D1A1EAA4F55C}.Release|Any CPU.ActiveCfg = Release|Any CPU
		{94477A91-C9BA-4B28-AFA4-D1A1EAA4F55C}.Release|Any CPU.Build.0 = Release|Any CPU
		{434EDFAA-213D-42F9-A677-BD2C9DAEB6A7}.Debug|Any CPU.ActiveCfg = Debug|Any CPU
		{434EDFAA-213D-42F9-A677-BD2C9DAEB6A7}.Debug|Any CPU.Build.0 = Debug|Any CPU
		{434EDFAA-213D-42F9-A677-BD2C9DAEB6A7}.Release|Any CPU.ActiveCfg = Release|Any CPU
		{434EDFAA-213D-42F9-A677-BD2C9DAEB6A7}.Release|Any CPU.Build.0 = Release|Any CPU
		{B25CBFFA-8E40-4D80-BFFC-6146ED3480C4}.Debug|Any CPU.ActiveCfg = Debug|Any CPU
		{B25CBFFA-8E40-4D80-BFFC-6146ED3480C4}.Debug|Any CPU.Build.0 = Debug|Any CPU
		{B25CBFFA-8E40-4D80-BFFC-6146ED3480C4}.Release|Any CPU.ActiveCfg = Release|Any CPU
		{B25CBFFA-8E40-4D80-BFFC-6146ED3480C4}.Release|Any CPU.Build.0 = Release|Any CPU
	EndGlobalSection
	GlobalSection(SolutionProperties) = preSolution
		HideSolutionNode = FALSE
	EndGlobalSection
	GlobalSection(ExtensibilityGlobals) = postSolution
		SolutionGuid = {1A2B2FD1-D73B-4DE4-9EB7-37B1CCC5671C}
	EndGlobalSection
EndGlobal
